// !$*UTF8*$!
{
	archiveVersion = 1;
	classes = {
	};
	objectVersion = 50;
	objects = {

/* Begin PBXBuildFile section */
		AE28CE63258A64E8007FAD96 /* MapView.swift in Sources */ = {isa = PBXBuildFile; fileRef = AE28CE62258A64E8007FAD96 /* MapView.swift */; };
		AE47F8DB258C16B70068FDDB /* landmarkData.json in Resources */ = {isa = PBXBuildFile; fileRef = AE47F8DA258C16B70068FDDB /* landmarkData.json */; };
		AE47F8DE258C18730068FDDB /* Landmark.swift in Sources */ = {isa = PBXBuildFile; fileRef = AE47F8DD258C18730068FDDB /* Landmark.swift */; };
		AE47F8E1258C207F0068FDDB /* ModelData.swift in Sources */ = {isa = PBXBuildFile; fileRef = AE47F8E0258C207F0068FDDB /* ModelData.swift */; };
		AE47F8E8258D3C500068FDDB /* LandmarkRow.swift in Sources */ = {isa = PBXBuildFile; fileRef = AE47F8E7258D3C4F0068FDDB /* LandmarkRow.swift */; };
		AE47F8EC258D434C0068FDDB /* LandmarkList.swift in Sources */ = {isa = PBXBuildFile; fileRef = AE47F8EB258D434C0068FDDB /* LandmarkList.swift */; };
		AE9309F52589B1AF006F65CE /* LandmarksApp.swift in Sources */ = {isa = PBXBuildFile; fileRef = AE9309F42589B1AF006F65CE /* LandmarksApp.swift */; };
		AE9309F72589B1AF006F65CE /* ContentView.swift in Sources */ = {isa = PBXBuildFile; fileRef = AE9309F62589B1AF006F65CE /* ContentView.swift */; };
		AE9309F92589B1B3006F65CE /* Assets.xcassets in Resources */ = {isa = PBXBuildFile; fileRef = AE9309F82589B1B3006F65CE /* Assets.xcassets */; };
		AE9309FC2589B1B3006F65CE /* Preview Assets.xcassets in Resources */ = {isa = PBXBuildFile; fileRef = AE9309FB2589B1B3006F65CE /* Preview Assets.xcassets */; };
		AEA1D8A6258AAD6400BB7C23 /* CircleImages2.swift in Sources */ = {isa = PBXBuildFile; fileRef = AEA1D8A5258AAD6400BB7C23 /* CircleImages2.swift */; };
/* End PBXBuildFile section */

/* Begin PBXFileReference section */
		AE28CE62258A64E8007FAD96 /* MapView.swift */ = {isa = PBXFileReference; lastKnownFileType = sourcecode.swift; path = MapView.swift; sourceTree = "<group>"; };
		AE47F8DA258C16B70068FDDB /* landmarkData.json */ = {isa = PBXFileReference; fileEncoding = 4; lastKnownFileType = text.json; path = landmarkData.json; sourceTree = "<group>"; };
		AE47F8DD258C18730068FDDB /* Landmark.swift */ = {isa = PBXFileReference; lastKnownFileType = sourcecode.swift; path = Landmark.swift; sourceTree = "<group>"; };
		AE47F8E0258C207F0068FDDB /* ModelData.swift */ = {isa = PBXFileReference; lastKnownFileType = sourcecode.swift; path = ModelData.swift; sourceTree = "<group>"; };
		AE47F8E7258D3C4F0068FDDB /* LandmarkRow.swift */ = {isa = PBXFileReference; lastKnownFileType = sourcecode.swift; path = LandmarkRow.swift; sourceTree = "<group>"; };
		AE47F8EB258D434C0068FDDB /* LandmarkList.swift */ = {isa = PBXFileReference; lastKnownFileType = sourcecode.swift; name = LandmarkList.swift; path = Landmarks/LandmarkList.swift; sourceTree = SOURCE_ROOT; };
		AE9309F12589B1AF006F65CE /* Landmarks.app */ = {isa = PBXFileReference; explicitFileType = wrapper.application; includeInIndex = 0; path = Landmarks.app; sourceTree = BUILT_PRODUCTS_DIR; };
		AE9309F42589B1AF006F65CE /* LandmarksApp.swift */ = {isa = PBXFileReference; lastKnownFileType = sourcecode.swift; path = LandmarksApp.swift; sourceTree = "<group>"; };
		AE9309F62589B1AF006F65CE /* ContentView.swift */ = {isa = PBXFileReference; lastKnownFileType = sourcecode.swift; path = ContentView.swift; sourceTree = "<group>"; };
		AE9309F82589B1B3006F65CE /* Assets.xcassets */ = {isa = PBXFileReference; lastKnownFileType = folder.assetcatalog; path = Assets.xcassets; sourceTree = "<group>"; };
		AE9309FB2589B1B3006F65CE /* Preview Assets.xcassets */ = {isa = PBXFileReference; lastKnownFileType = folder.assetcatalog; path = "Preview Assets.xcassets"; sourceTree = "<group>"; };
		AE9309FD2589B1B3006F65CE /* Info.plist */ = {isa = PBXFileReference; lastKnownFileType = text.plist.xml; path = Info.plist; sourceTree = "<group>"; };
		AEA1D8A5258AAD6400BB7C23 /* CircleImages2.swift */ = {isa = PBXFileReference; lastKnownFileType = sourcecode.swift; path = CircleImages2.swift; sourceTree = "<group>"; };
/* End PBXFileReference section */

/* Begin PBXFrameworksBuildPhase section */
		AE9309EE2589B1AF006F65CE /* Frameworks */ = {
			isa = PBXFrameworksBuildPhase;
			buildActionMask = 2147483647;
			files = (
			);
			runOnlyForDeploymentPostprocessing = 0;
		};
/* End PBXFrameworksBuildPhase section */

/* Begin PBXGroup section */
		AE47F8E3258C24160068FDDB /* Model */ = {
			isa = PBXGroup;
			children = (
				AE47F8E0258C207F0068FDDB /* ModelData.swift */,
				AE47F8DD258C18730068FDDB /* Landmark.swift */,
			);
			path = Model;
			sourceTree = "<group>";
		};
		AE47F8E4258C24420068FDDB /* Resources */ = {
			isa = PBXGroup;
			children = (
				AE47F8DA258C16B70068FDDB /* landmarkData.json */,
			);
			path = Resources;
			sourceTree = "<group>";
		};
		AE47F8E5258C247A0068FDDB /* Views */ = {
			isa = PBXGroup;
			children = (
				AE47F8EB258D434C0068FDDB /* LandmarkList.swift */,
				AE28CE62258A64E8007FAD96 /* MapView.swift */,
				AEA1D8A5258AAD6400BB7C23 /* CircleImages2.swift */,
				AE9309F62589B1AF006F65CE /* ContentView.swift */,
				AE47F8E7258D3C4F0068FDDB /* LandmarkRow.swift */,
			);
			path = Views;
			sourceTree = "<group>";
		};
		AE9309E82589B1AF006F65CE = {
			isa = PBXGroup;
			children = (
				AE9309F32589B1AF006F65CE /* Landmarks */,
				AE9309F22589B1AF006F65CE /* Products */,
			);
			sourceTree = "<group>";
		};
		AE9309F22589B1AF006F65CE /* Products */ = {
			isa = PBXGroup;
			children = (
				AE9309F12589B1AF006F65CE /* Landmarks.app */,
			);
			name = Products;
			sourceTree = "<group>";
		};
		AE9309F32589B1AF006F65CE /* Landmarks */ = {
			isa = PBXGroup;
			children = (
				AE9309F42589B1AF006F65CE /* LandmarksApp.swift */,
				AE47F8E5258C247A0068FDDB /* Views */,
				AE47F8E3258C24160068FDDB /* Model */,
				AE47F8E4258C24420068FDDB /* Resources */,
				AE9309F82589B1B3006F65CE /* Assets.xcassets */,
				AE9309FD2589B1B3006F65CE /* Info.plist */,
				AE9309FA2589B1B3006F65CE /* Preview Content */,
			);
			path = Landmarks;
			sourceTree = "<group>";
		};
		AE9309FA2589B1B3006F65CE /* Preview Content */ = {
			isa = PBXGroup;
			children = (
				AE9309FB2589B1B3006F65CE /* Preview Assets.xcassets */,
			);
			path = "Preview Content";
			sourceTree = "<group>";
		};
/* End PBXGroup section */

/* Begin PBXNativeTarget section */
		AE9309F02589B1AF006F65CE /* Landmarks */ = {
			isa = PBXNativeTarget;
			buildConfigurationList = AE930A002589B1B3006F65CE /* Build configuration list for PBXNativeTarget "Landmarks" */;
			buildPhases = (
				AE9309ED2589B1AF006F65CE /* Sources */,
				AE9309EE2589B1AF006F65CE /* Frameworks */,
				AE9309EF2589B1AF006F65CE /* Resources */,
			);
			buildRules = (
			);
			dependencies = (
			);
			name = Landmarks;
			productName = Landmarks;
			productReference = AE9309F12589B1AF006F65CE /* Landmarks.app */;
			productType = "com.apple.product-type.application";
		};
/* End PBXNativeTarget section */

/* Begin PBXProject section */
		AE9309E92589B1AF006F65CE /* Project object */ = {
			isa = PBXProject;
			attributes = {
				LastSwiftUpdateCheck = 1220;
				LastUpgradeCheck = 1220;
				TargetAttributes = {
					AE9309F02589B1AF006F65CE = {
						CreatedOnToolsVersion = 12.2;
					};
				};
			};
			buildConfigurationList = AE9309EC2589B1AF006F65CE /* Build configuration list for PBXProject "Landmarks" */;
			compatibilityVersion = "Xcode 9.3";
			developmentRegion = en;
			hasScannedForEncodings = 0;
			knownRegions = (
				en,
				Base,
			);
			mainGroup = AE9309E82589B1AF006F65CE;
			productRefGroup = AE9309F22589B1AF006F65CE /* Products */;
			projectDirPath = "";
			projectRoot = "";
			targets = (
				AE9309F02589B1AF006F65CE /* Landmarks */,
			);
		};
/* End PBXProject section */

/* Begin PBXResourcesBuildPhase section */
		AE9309EF2589B1AF006F65CE /* Resources */ = {
			isa = PBXResourcesBuildPhase;
			buildActionMask = 2147483647;
			files = (
				AE9309FC2589B1B3006F65CE /* Preview Assets.xcassets in Resources */,
				AE9309F92589B1B3006F65CE /* Assets.xcassets in Resources */,
				AE47F8DB258C16B70068FDDB /* landmarkData.json in Resources */,
			);
			runOnlyForDeploymentPostprocessing = 0;
		};
/* End PBXResourcesBuildPhase section */

/* Begin PBXSourcesBuildPhase section */
		AE9309ED2589B1AF006F65CE /* Sources */ = {
			isa = PBXSourcesBuildPhase;
			buildActionMask = 2147483647;
			files = (
				AE9309F72589B1AF006F65CE /* ContentView.swift in Sources */,
				AE28CE63258A64E8007FAD96 /* MapView.swift in Sources */,
				AE9309F52589B1AF006F65CE /* LandmarksApp.swift in Sources */,
				AE47F8EC258D434C0068FDDB /* LandmarkList.swift in Sources */,
				AEA1D8A6258AAD6400BB7C23 /* CircleImages2.swift in Sources */,
				AE47F8DE258C18730068FDDB /* Landmark.swift in Sources */,
				AE47F8E8258D3C500068FDDB /* LandmarkRow.swift in Sources */,
				AE47F8E1258C207F0068FDDB /* ModelData.swift in Sources */,
			);
			runOnlyForDeploymentPostprocessing = 0;
		};
/* End PBXSourcesBuildPhase section */

/* Begin XCBuildConfiguration section */
		AE9309FE2589B1B3006F65CE /* Debug */ = {
			isa = XCBuildConfiguration;
			buildSettings = {
				ALWAYS_SEARCH_USER_PATHS = NO;
				CLANG_ANALYZER_NONNULL = YES;
				CLANG_ANALYZER_NUMBER_OBJECT_CONVERSION = YES_AGGRESSIVE;
				CLANG_CXX_LANGUAGE_STANDARD = "gnu++14";
				CLANG_CXX_LIBRARY = "libc++";
				CLANG_ENABLE_MODULES = YES;
				CLANG_ENABLE_OBJC_ARC = YES;
				CLANG_ENABLE_OBJC_WEAK = YES;
				CLANG_WARN_BLOCK_CAPTURE_AUTORELEASING = YES;
				CLANG_WARN_BOOL_CONVERSION = YES;
				CLANG_WARN_COMMA = YES;
				CLANG_WARN_CONSTANT_CONVERSION = YES;
				CLANG_WARN_DEPRECATED_OBJC_IMPLEMENTATIONS = YES;
				CLANG_WARN_DIRECT_OBJC_ISA_USAGE = YES_ERROR;
				CLANG_WARN_DOCUMENTATION_COMMENTS = YES;
				CLANG_WARN_EMPTY_BODY = YES;
				CLANG_WARN_ENUM_CONVERSION = YES;
				CLANG_WARN_INFINITE_RECURSION = YES;
				CLANG_WARN_INT_CONVERSION = YES;
				CLANG_WARN_NON_LITERAL_NULL_CONVERSION = YES;
				CLANG_WARN_OBJC_IMPLICIT_RETAIN_SELF = YES;
				CLANG_WARN_OBJC_LITERAL_CONVERSION = YES;
				CLANG_WARN_OBJC_ROOT_CLASS = YES_ERROR;
				CLANG_WARN_QUOTED_INCLUDE_IN_FRAMEWORK_HEADER = YES;
				CLANG_WARN_RANGE_LOOP_ANALYSIS = YES;
				CLANG_WARN_STRICT_PROTOTYPES = YES;
				CLANG_WARN_SUSPICIOUS_MOVE = YES;
				CLANG_WARN_UNGUARDED_AVAILABILITY = YES_AGGRESSIVE;
				CLANG_WARN_UNREACHABLE_CODE = YES;
				CLANG_WARN__DUPLICATE_METHOD_MATCH = YES;
				COPY_PHASE_STRIP = NO;
				DEBUG_INFORMATION_FORMAT = dwarf;
				ENABLE_STRICT_OBJC_MSGSEND = YES;
				ENABLE_TESTABILITY = YES;
				GCC_C_LANGUAGE_STANDARD = gnu11;
				GCC_DYNAMIC_NO_PIC = NO;
				GCC_NO_COMMON_BLOCKS = YES;
				GCC_OPTIMIZATION_LEVEL = 0;
				GCC_PREPROCESSOR_DEFINITIONS = (
					"DEBUG=1",
					"$(inherited)",
				);
				GCC_WARN_64_TO_32_BIT_CONVERSION = YES;
				GCC_WARN_ABOUT_RETURN_TYPE = YES_ERROR;
				GCC_WARN_UNDECLARED_SELECTOR = YES;
				GCC_WARN_UNINITIALIZED_AUTOS = YES_AGGRESSIVE;
				GCC_WARN_UNUSED_FUNCTION = YES;
				GCC_WARN_UNUSED_VARIABLE = YES;
				IPHONEOS_DEPLOYMENT_TARGET = 14.2;
				MTL_ENABLE_DEBUG_INFO = INCLUDE_SOURCE;
				MTL_FAST_MATH = YES;
				ONLY_ACTIVE_ARCH = YES;
				SDKROOT = iphoneos;
				SWIFT_ACTIVE_COMPILATION_CONDITIONS = DEBUG;
				SWIFT_OPTIMIZATION_LEVEL = "-Onone";
			};
			name = Debug;
		};
		AE9309FF2589B1B3006F65CE /* Release */ = {
			isa = XCBuildConfiguration;
			buildSettings = {
				ALWAYS_SEARCH_USER_PATHS = NO;
				CLANG_ANALYZER_NONNULL = YES;
				CLANG_ANALYZER_NUMBER_OBJECT_CONVERSION = YES_AGGRESSIVE;
				CLANG_CXX_LANGUAGE_STANDARD = "gnu++14";
				CLANG_CXX_LIBRARY = "libc++";
				CLANG_ENABLE_MODULES = YES;
				CLANG_ENABLE_OBJC_ARC = YES;
				CLANG_ENABLE_OBJC_WEAK = YES;
				CLANG_WARN_BLOCK_CAPTURE_AUTORELEASING = YES;
				CLANG_WARN_BOOL_CONVERSION = YES;
				CLANG_WARN_COMMA = YES;
				CLANG_WARN_CONSTANT_CONVERSION = YES;
				CLANG_WARN_DEPRECATED_OBJC_IMPLEMENTATIONS = YES;
				CLANG_WARN_DIRECT_OBJC_ISA_USAGE = YES_ERROR;
				CLANG_WARN_DOCUMENTATION_COMMENTS = YES;
				CLANG_WARN_EMPTY_BODY = YES;
				CLANG_WARN_ENUM_CONVERSION = YES;
				CLANG_WARN_INFINITE_RECURSION = YES;
				CLANG_WARN_INT_CONVERSION = YES;
				CLANG_WARN_NON_LITERAL_NULL_CONVERSION = YES;
				CLANG_WARN_OBJC_IMPLICIT_RETAIN_SELF = YES;
				CLANG_WARN_OBJC_LITERAL_CONVERSION = YES;
				CLANG_WARN_OBJC_ROOT_CLASS = YES_ERROR;
				CLANG_WARN_QUOTED_INCLUDE_IN_FRAMEWORK_HEADER = YES;
				CLANG_WARN_RANGE_LOOP_ANALYSIS = YES;
				CLANG_WARN_STRICT_PROTOTYPES = YES;
				CLANG_WARN_SUSPICIOUS_MOVE = YES;
				CLANG_WARN_UNGUARDED_AVAILABILITY = YES_AGGRESSIVE;
				CLANG_WARN_UNREACHABLE_CODE = YES;
				CLANG_WARN__DUPLICATE_METHOD_MATCH = YES;
				COPY_PHASE_STRIP = NO;
				DEBUG_INFORMATION_FORMAT = "dwarf-with-dsym";
				ENABLE_NS_ASSERTIONS = NO;
				ENABLE_STRICT_OBJC_MSGSEND = YES;
				GCC_C_LANGUAGE_STANDARD = gnu11;
				GCC_NO_COMMON_BLOCKS = YES;
				GCC_WARN_64_TO_32_BIT_CONVERSION = YES;
				GCC_WARN_ABOUT_RETURN_TYPE = YES_ERROR;
				GCC_WARN_UNDECLARED_SELECTOR = YES;
				GCC_WARN_UNINITIALIZED_AUTOS = YES_AGGRESSIVE;
				GCC_WARN_UNUSED_FUNCTION = YES;
				GCC_WARN_UNUSED_VARIABLE = YES;
				IPHONEOS_DEPLOYMENT_TARGET = 14.2;
				MTL_ENABLE_DEBUG_INFO = NO;
				MTL_FAST_MATH = YES;
				SDKROOT = iphoneos;
				SWIFT_COMPILATION_MODE = wholemodule;
				SWIFT_OPTIMIZATION_LEVEL = "-O";
				VALIDATE_PRODUCT = YES;
			};
			name = Release;
		};
		AE930A012589B1B3006F65CE /* Debug */ = {
			isa = XCBuildConfiguration;
			buildSettings = {
				ASSETCATALOG_COMPILER_APPICON_NAME = AppIcon;
				ASSETCATALOG_COMPILER_GLOBAL_ACCENT_COLOR_NAME = AccentColor;
				CODE_SIGN_STYLE = Automatic;
				DEVELOPMENT_ASSET_PATHS = "\"Landmarks/Preview Content\"";
				ENABLE_PREVIEWS = YES;
				INFOPLIST_FILE = Landmarks/Info.plist;
				IPHONEOS_DEPLOYMENT_TARGET = 14.0;
				LD_RUNPATH_SEARCH_PATHS = (
					"$(inherited)",
					"@executable_path/Frameworks",
				);
				PRODUCT_BUNDLE_IDENTIFIER = com.sonjarzo.com.Landmarks;
				PRODUCT_NAME = "$(TARGET_NAME)";
				SWIFT_VERSION = 5.0;
				TARGETED_DEVICE_FAMILY = "1,2";
			};
			name = Debug;
		};
		AE930A022589B1B3006F65CE /* Release */ = {
			isa = XCBuildConfiguration;
			buildSettings = {
				ASSETCATALOG_COMPILER_APPICON_NAME = AppIcon;
				ASSETCATALOG_COMPILER_GLOBAL_ACCENT_COLOR_NAME = AccentColor;
				CODE_SIGN_STYLE = Automatic;
				DEVELOPMENT_ASSET_PATHS = "\"Landmarks/Preview Content\"";
				ENABLE_PREVIEWS = YES;
				INFOPLIST_FILE = Landmarks/Info.plist;
				IPHONEOS_DEPLOYMENT_TARGET = 14.0;
				LD_RUNPATH_SEARCH_PATHS = (
					"$(inherited)",
					"@executable_path/Frameworks",
				);
				PRODUCT_BUNDLE_IDENTIFIER = com.sonjarzo.com.Landmarks;
				PRODUCT_NAME = "$(TARGET_NAME)";
				SWIFT_VERSION = 5.0;
				TARGETED_DEVICE_FAMILY = "1,2";
			};
			name = Release;
		};
/* End XCBuildConfiguration section */

/* Begin XCConfigurationList section */
		AE9309EC2589B1AF006F65CE /* Build configuration list for PBXProject "Landmarks" */ = {
			isa = XCConfigurationList;
			buildConfigurations = (
				AE9309FE2589B1B3006F65CE /* Debug */,
				AE9309FF2589B1B3006F65CE /* Release */,
			);
			defaultConfigurationIsVisible = 0;
			defaultConfigurationName = Release;
		};
		AE930A002589B1B3006F65CE /* Build configuration list for PBXNativeTarget "Landmarks" */ = {
			isa = XCConfigurationList;
			buildConfigurations = (
				AE930A012589B1B3006F65CE /* Debug */,
				AE930A022589B1B3006F65CE /* Release */,
			);
			defaultConfigurationIsVisible = 0;
			defaultConfigurationName = Release;
		};
/* End XCConfigurationList section */
	};
	rootObject = AE9309E92589B1AF006F65CE /* Project object */;
}
